
Microsoft Visual Studio Solution File, Format Version 12.00
# Visual Studio Version 17
VisualStudioVersion = 17.1.32421.90
MinimumVisualStudioVersion = 10.0.40219.1
Project("{9A19103F-16F7-4668-BE54-9A1E7A4F7556}") = "PersonAPI", "PersonAPI\PersonAPI.csproj", "{C2B5FB48-E2E6-4A4B-A0B0-310D250D76F2}"
EndProject
Project("{2150E333-8FDC-42A3-9474-1A3956D46DE8}") = "src", "src", "{4BBD04D1-3859-44B2-894C-E352F403FF68}"
EndProject
Project("{9A19103F-16F7-4668-BE54-9A1E7A4F7556}") = "Pro.Search.PersonDomains", "Pro.Search.PersonDomains\Pro.Search.PersonDomains.csproj", "{7FF01E88-73DD-4004-82E0-8A605E87688B}"
EndProject
Project("{2150E333-8FDC-42A3-9474-1A3956D46DE8}") = "Domains", "Domains", "{649DEC31-DC24-4D03-8361-01BA11C191CB}"
EndProject
Project("{9A19103F-16F7-4668-BE54-9A1E7A4F7556}") = "Pro.Search.Infraestructure", "Pro.Search.Infraestructure\Pro.Search.Infraestructure.csproj", "{01532994-6E89-40F1-BB31-5A0FE09386A7}"
EndProject
Project("{2150E333-8FDC-42A3-9474-1A3956D46DE8}") = "Infraestructures", "Infraestructures", "{BCD09813-9C7B-40EC-B01B-03F8E7E37404}"
EndProject
Project("{2150E333-8FDC-42A3-9474-1A3956D46DE8}") = "Commands", "Commands", "{4C4B1154-153C-4A06-8E55-330D90EFC682}"
EndProject
Project("{9A19103F-16F7-4668-BE54-9A1E7A4F7556}") = "Pro.Search.Commands", "Pro.Search.Commands\Pro.Search.Commands.csproj", "{31F45358-F21D-4038-B0DC-D07B573D9DE8}"
EndProject
Project("{9A19103F-16F7-4668-BE54-9A1E7A4F7556}") = "BuldBlocks.Domain", "BuldBlocks.Domain\BuldBlocks.Domain.csproj", "{D87A2B11-F010-47A9-8C29-C335B544F833}"
EndProject
Project("{2150E333-8FDC-42A3-9474-1A3956D46DE8}") = "test", "test", "{3AB642E1-F1FE-4DE0-ABD5-98012618430F}"
EndProject
Project("{9A19103F-16F7-4668-BE54-9A1E7A4F7556}") = "Pro.Search.PersonAPI.UnitTest", "Pro.Search.PersonAPI.UnitTest\Pro.Search.PersonAPI.UnitTest.csproj", "{8840F3A3-E333-41D0-9C18-6672BDC1BD65}"
EndProject
Project("{2150E333-8FDC-42A3-9474-1A3956D46DE8}") = "Solution Items", "Solution Items", "{2D819280-9F44-4537-AE42-BA0E3116DC56}"
	ProjectSection(SolutionItems) = preProject
		.editorconfig = .editorconfig
	EndProjectSection
EndProject
Project("{2150E333-8FDC-42A3-9474-1A3956D46DE8}") = "View-PersonAPI-Consumer", "View-PersonAPI-Consumer", "{84308ED3-738F-4B80-85C8-5FEF689D3EE1}"
EndProject
Project("{FAE04EC0-301F-11D3-BF4B-00C04F79EFBC}") = "Pro.Search.Consumer", "Pro.Search.Consumer\Pro.Search.Consumer.csproj", "{55A78BC6-F876-40B1-B374-E011C0B2C2D1}"
EndProject
Global
	GlobalSection(SolutionConfigurationPlatforms) = preSolution
		Debug|Any CPU = Debug|Any CPU
		Release|Any CPU = Release|Any CPU
	EndGlobalSection
	GlobalSection(ProjectConfigurationPlatforms) = postSolution
		{C2B5FB48-E2E6-4A4B-A0B0-310D250D76F2}.Debug|Any CPU.ActiveCfg = Debug|Any CPU
		{C2B5FB48-E2E6-4A4B-A0B0-310D250D76F2}.Debug|Any CPU.Build.0 = Debug|Any CPU
		{C2B5FB48-E2E6-4A4B-A0B0-310D250D76F2}.Release|Any CPU.ActiveCfg = Release|Any CPU
		{C2B5FB48-E2E6-4A4B-A0B0-310D250D76F2}.Release|Any CPU.Build.0 = Release|Any CPU
		{7FF01E88-73DD-4004-82E0-8A605E87688B}.Debug|Any CPU.ActiveCfg = Debug|Any CPU
		{7FF01E88-73DD-4004-82E0-8A605E87688B}.Debug|Any CPU.Build.0 = Debug|Any CPU
		{7FF01E88-73DD-4004-82E0-8A605E87688B}.Release|Any CPU.ActiveCfg = Release|Any CPU
		{7FF01E88-73DD-4004-82E0-8A605E87688B}.Release|Any CPU.Build.0 = Release|Any CPU
		{01532994-6E89-40F1-BB31-5A0FE09386A7}.Debug|Any CPU.ActiveCfg = Debug|Any CPU
		{01532994-6E89-40F1-BB31-5A0FE09386A7}.Debug|Any CPU.Build.0 = Debug|Any CPU
		{01532994-6E89-40F1-BB31-5A0FE09386A7}.Release|Any CPU.ActiveCfg = Release|Any CPU
		{01532994-6E89-40F1-BB31-5A0FE09386A7}.Release|Any CPU.Build.0 = Release|Any CPU
		{31F45358-F21D-4038-B0DC-D07B573D9DE8}.Debug|Any CPU.ActiveCfg = Debug|Any CPU
		{31F45358-F21D-4038-B0DC-D07B573D9DE8}.Debug|Any CPU.Build.0 = Debug|Any CPU
		{31F45358-F21D-4038-B0DC-D07B573D9DE8}.Release|Any CPU.ActiveCfg = Release|Any CPU
		{31F45358-F21D-4038-B0DC-D07B573D9DE8}.Release|Any CPU.Build.0 = Release|Any CPU
		{D87A2B11-F010-47A9-8C29-C335B544F833}.Debug|Any CPU.ActiveCfg = Debug|Any CPU
		{D87A2B11-F010-47A9-8C29-C335B544F833}.Debug|Any CPU.Build.0 = Debug|Any CPU
		{D87A2B11-F010-47A9-8C29-C335B544F833}.Release|Any CPU.ActiveCfg = Release|Any CPU
		{D87A2B11-F010-47A9-8C29-C335B544F833}.Release|Any CPU.Build.0 = Release|Any CPU
		{8840F3A3-E333-41D0-9C18-6672BDC1BD65}.Debug|Any CPU.ActiveCfg = Debug|Any CPU
		{8840F3A3-E333-41D0-9C18-6672BDC1BD65}.Debug|Any CPU.Build.0 = Debug|Any CPU
		{8840F3A3-E333-41D0-9C18-6672BDC1BD65}.Release|Any CPU.ActiveCfg = Release|Any CPU
		{8840F3A3-E333-41D0-9C18-6672BDC1BD65}.Release|Any CPU.Build.0 = Release|Any CPU
		{55A78BC6-F876-40B1-B374-E011C0B2C2D1}.Debug|Any CPU.ActiveCfg = Debug|Any CPU
		{55A78BC6-F876-40B1-B374-E011C0B2C2D1}.Debug|Any CPU.Build.0 = Debug|Any CPU
		{55A78BC6-F876-40B1-B374-E011C0B2C2D1}.Release|Any CPU.ActiveCfg = Release|Any CPU
		{55A78BC6-F876-40B1-B374-E011C0B2C2D1}.Release|Any CPU.Build.0 = Release|Any CPU
	EndGlobalSection
	GlobalSection(SolutionProperties) = preSolution
		HideSolutionNode = FALSE
	EndGlobalSection
	GlobalSection(NestedProjects) = preSolution
		{C2B5FB48-E2E6-4A4B-A0B0-310D250D76F2} = {4BBD04D1-3859-44B2-894C-E352F403FF68}
		{7FF01E88-73DD-4004-82E0-8A605E87688B} = {649DEC31-DC24-4D03-8361-01BA11C191CB}
		{649DEC31-DC24-4D03-8361-01BA11C191CB} = {4BBD04D1-3859-44B2-894C-E352F403FF68}
		{01532994-6E89-40F1-BB31-5A0FE09386A7} = {BCD09813-9C7B-40EC-B01B-03F8E7E37404}
		{BCD09813-9C7B-40EC-B01B-03F8E7E37404} = {4BBD04D1-3859-44B2-894C-E352F403FF68}
		{4C4B1154-153C-4A06-8E55-330D90EFC682} = {4BBD04D1-3859-44B2-894C-E352F403FF68}
		{31F45358-F21D-4038-B0DC-D07B573D9DE8} = {4C4B1154-153C-4A06-8E55-330D90EFC682}
		{D87A2B11-F010-47A9-8C29-C335B544F833} = {649DEC31-DC24-4D03-8361-01BA11C191CB}
		{8840F3A3-E333-41D0-9C18-6672BDC1BD65} = {3AB642E1-F1FE-4DE0-ABD5-98012618430F}
		{55A78BC6-F876-40B1-B374-E011C0B2C2D1} = {84308ED3-738F-4B80-85C8-5FEF689D3EE1}
	EndGlobalSection
	GlobalSection(ExtensibilityGlobals) = postSolution
		SolutionGuid = {C66AF127-9A1D-4D8D-8678-9AAC57165F44}
	EndGlobalSection
EndGlobal
